{
  "version": 4,
  "terraform_version": "1.6.2",
  "serial": 4,
  "lineage": "d98eb867-6af0-39a7-dd65-215fea53d924",
  "outputs": {},
  "resources": [
    {
      "mode": "managed",
      "type": "local_file",
      "name": "hello_world",
      "provider": "provider[\"registry.terraform.io/hashicorp/local\"]",
      "instances": [
        {
          "schema_version": 0,
          "attributes": {
            "content": "Hello World! 1 2 3 4 5 6 7 8 ",
            "content_base64": null,
            "content_base64sha256": "cBTm8tCYfamnPxuh03fIIsndVSlXL3/IfTj1fBK3gUA=",
            "content_base64sha512": "fxREtJ0qN2NiPncH67+R5RJe6YhRZofYyfRYBbWeWV4AYpKeDCPIgtmD02Tp3QyghD08MPahmmXmGBv9vdMmyA==",
            "content_md5": "b3a91ac3c131e9334df9ab96e0c08bbc",
            "content_sha1": "e4417b46c05faf4877ea79c896b691ba5b760aa4",
            "content_sha256": "7014e6f2d0987da9a73f1ba1d377c822c9dd5529572f7fc87d38f57c12b78140",
            "content_sha512": "7f1444b49d2a3763623e7707ebbf91e5125ee988516687d8c9f45805b59e595e0062929e0c23c882d983d364e9dd0ca0843d3c30f6a19a65e6181bfdbdd326c8",
            "directory_permission": "0777",
            "file_permission": "0777",
            "filename": "C:\\Documents\\hello_world.txt",
            "id": "e4417b46c05faf4877ea79c896b691ba5b760aa4",
            "sensitive_content": null,
            "source": null
          },
          "sensitive_attributes": []
        }
      ]
    }
  ],
  "check_results": null
}
